
Microsoft Visual Studio Solution File, Format Version 12.00
# Visual Studio Version 17
VisualStudioVersion = 17.7.34031.279
MinimumVisualStudioVersion = 10.0.40219.1
Project("{FAE04EC0-301F-11D3-BF4B-00C04F79EFBC}") = "Exercise_1_2", "Exercise_1_2.csproj", "{4004B39C-08F9-4771-9E1B-3D287419CC11}"
EndProject
Global
	GlobalSection(SolutionConfigurationPlatforms) = preSolution
		Debug|Any CPU = Debug|Any CPU
		Release|Any CPU = Release|Any CPU
	EndGlobalSection
	GlobalSection(ProjectConfigurationPlatforms) = postSolution
		{4004B39C-08F9-4771-9E1B-3D287419CC11}.Debug|Any CPU.ActiveCfg = Debug|Any CPU
		{4004B39C-08F9-4771-9E1B-3D287419CC11}.Debug|Any CPU.Build.0 = Debug|Any CPU
		{4004B39C-08F9-4771-9E1B-3D287419CC11}.Debug|Any CPU.Deploy.0 = Debug|Any CPU
		{4004B39C-08F9-4771-9E1B-3D287419CC11}.Release|Any CPU.ActiveCfg = Release|Any CPU
		{4004B39C-08F9-4771-9E1B-3D287419CC11}.Release|Any CPU.Build.0 = Release|Any CPU
		{4004B39C-08F9-4771-9E1B-3D287419CC11}.Release|Any CPU.Deploy.0 = Release|Any CPU
	EndGlobalSection
	GlobalSection(SolutionProperties) = preSolution
		HideSolutionNode = FALSE
	EndGlobalSection
	GlobalSection(ExtensibilityGlobals) = postSolution
		SolutionGuid = {98643FEE-852E-4A4B-B7FE-491C803B2B23}
	EndGlobalSection
EndGlobal
